
Microsoft Visual Studio Solution File, Format Version 12.00
# Visual Studio 15
VisualStudioVersion = 15.0.27703.2047
MinimumVisualStudioVersion = 10.0.40219.1
Project("{FAE04EC0-301F-11D3-BF4B-00C04F79EFBC}") = "Edu.SenaCsf.LoaniumDesktop.Logica", "Edu.SenaCsf.LoaniumDesktop.Logica\Edu.SenaCsf.LoaniumDesktop.Logica.csproj", "{EC3A00B1-462C-4494-AB91-BD5644D0F7F5}"
	ProjectSection(ProjectDependencies) = postProject
		{60738740-69E8-431F-AFCB-7D061F4189F8} = {60738740-69E8-431F-AFCB-7D061F4189F8}
	EndProjectSection
EndProject
Project("{FAE04EC0-301F-11D3-BF4B-00C04F79EFBC}") = "Edu.SenaCsf.LoaniumDesktop.Datos", "Edu.SenaCsf.LoaniumDesktop.Datos\Edu.SenaCsf.LoaniumDesktop.Datos.csproj", "{60738740-69E8-431F-AFCB-7D061F4189F8}"
EndProject
Project("{FAE04EC0-301F-11D3-BF4B-00C04F79EFBC}") = "Edu.SenaCsf.LoaniumDesktop.Presentacion", "..\Loanium 5.0 Front-End\WindowsFormsApp1\WindowsFormsApp1\Edu.SenaCsf.LoaniumDesktop.Presentacion.csproj", "{21869092-FE83-494C-ABAE-80EDA1938F05}"
EndProject
Global
	GlobalSection(SolutionConfigurationPlatforms) = preSolution
		Debug|Any CPU = Debug|Any CPU
		Release|Any CPU = Release|Any CPU
	EndGlobalSection
	GlobalSection(ProjectConfigurationPlatforms) = postSolution
		{EC3A00B1-462C-4494-AB91-BD5644D0F7F5}.Debug|Any CPU.ActiveCfg = Debug|Any CPU
		{EC3A00B1-462C-4494-AB91-BD5644D0F7F5}.Debug|Any CPU.Build.0 = Debug|Any CPU
		{EC3A00B1-462C-4494-AB91-BD5644D0F7F5}.Release|Any CPU.ActiveCfg = Release|Any CPU
		{EC3A00B1-462C-4494-AB91-BD5644D0F7F5}.Release|Any CPU.Build.0 = Release|Any CPU
		{60738740-69E8-431F-AFCB-7D061F4189F8}.Debug|Any CPU.ActiveCfg = Debug|Any CPU
		{60738740-69E8-431F-AFCB-7D061F4189F8}.Debug|Any CPU.Build.0 = Debug|Any CPU
		{60738740-69E8-431F-AFCB-7D061F4189F8}.Release|Any CPU.ActiveCfg = Release|Any CPU
		{60738740-69E8-431F-AFCB-7D061F4189F8}.Release|Any CPU.Build.0 = Release|Any CPU
		{21869092-FE83-494C-ABAE-80EDA1938F05}.Debug|Any CPU.ActiveCfg = Debug|Any CPU
		{21869092-FE83-494C-ABAE-80EDA1938F05}.Debug|Any CPU.Build.0 = Debug|Any CPU
		{21869092-FE83-494C-ABAE-80EDA1938F05}.Release|Any CPU.ActiveCfg = Release|Any CPU
		{21869092-FE83-494C-ABAE-80EDA1938F05}.Release|Any CPU.Build.0 = Release|Any CPU
	EndGlobalSection
	GlobalSection(SolutionProperties) = preSolution
		HideSolutionNode = FALSE
	EndGlobalSection
	GlobalSection(ExtensibilityGlobals) = postSolution
		SolutionGuid = {58F33B8F-8BCC-4068-8C69-B045E2B242CE}
	EndGlobalSection
EndGlobal
